<?xml version="1.0" encoding="utf-8"?>
<Project ToolsVersion="4.0" xmlns="http://schemas.microsoft.com/developer/msbuild/2003">
  <ItemGroup>
    <Filter Include="resources">
      <UniqueIdentifier>{67DA6AB6-F800-4c08-8B7A-83BB121AAD01}</UniqueIdentifier>
      <Extensions>rc;ico;cur;bmp;dlg;rc2;rct;bin;rgs;gif;jpg;jpeg;jpe;resx;tiff;tif;png;wav;mfcribbon-ms</Extensions>
    </Filter>
    <Filter Include="script2">
      <UniqueIdentifier>{4FC737F1-C7A5-4376-A066-2A32D752A2FF}</UniqueIdentifier>
      <Extensions>cpp;c;cc;cxx;def;odl;idl;hpj;bat;asm;asmx</Extensions>
    </Filter>
  </ItemGroup>
  <ItemGroup>
    <None Include="global_release.inl">
      <Filter>script2</Filter>
    </None>
    <None Include="global_seams.inl">
      <Filter>script2</Filter>
    </None>
    <None Include="module_debug.inl">
      <Filter>script2</Filter>
    </None>
    <None Include="module_footer.inl">
      <Filter>script2</Filter>
    </None>
    <None Include="module_release.inl">
      <Filter>script2</Filter>
    </None>
    <None Include="global.inl">
      <Filter>script2</Filter>
    </None>
    <None Include="global_config.inl">
      <Filter>script2</Filter>
    </None>
    <None Include="global_debug.inl">
      <Filter>script2</Filter>
    </None>
    <None Include="global_footer.inl">
      <Filter>script2</Filter>
    </None>
    <None Include="16_seam.s2">
      <Filter>script2</Filter>
    </None>
  </ItemGroup>
  <ItemGroup>
    <ClCompile Include="module_tester.cc">
      <Filter>script2</Filter>
    </ClCompile>
    <ClCompile Include="pch.cc">
      <Filter>script2</Filter>
    </ClCompile>
    <ClCompile Include="script2_ascii.cc">
      <Filter>script2</Filter>
    </ClCompile>
    <ClCompile Include="script2_benchmark.cc">
      <Filter>script2</Filter>
    </ClCompile>
    <ClCompile Include="script2_bin.cc">
      <Filter>script2</Filter>
    </ClCompile>
    <ClCompile Include="script2_bout.cc">
      <Filter>script2</Filter>
    </ClCompile>
    <ClCompile Include="script2_bsq.cc">
      <Filter>script2</Filter>
    </ClCompile>
    <ClCompile Include="script2_clock.cc">
      <Filter>script2</Filter>
    </ClCompile>
    <ClCompile Include="script2_crabs.cc">
      <Filter>script2</Filter>
    </ClCompile>
    <ClCompile Include="script2_error.cc">
      <Filter>script2</Filter>
    </ClCompile>
    <ClCompile Include="script2_event.cc">
      <Filter>script2</Filter>
    </ClCompile>
    <ClCompile Include="script2_floor.cc">
      <Filter>script2</Filter>
    </ClCompile>
    <ClCompile Include="script2_hash.cc">
      <Filter>script2</Filter>
    </ClCompile>
    <ClCompile Include="script2_interrupts.cc">
      <Filter>script2</Filter>
    </ClCompile>
    <ClCompile Include="script2_lock.cc">
      <Filter>script2</Filter>
    </ClCompile>
    <ClCompile Include="script2_morsecode.cc">
      <Filter>script2</Filter>
    </ClCompile>
    <ClCompile Include="script2_object.cc">
      <Filter>script2</Filter>
    </ClCompile>
    <ClCompile Include="script2_op.cc">
      <Filter>script2</Filter>
    </ClCompile>
    <ClCompile Include="script2_operand.cc">
      <Filter>script2</Filter>
    </ClCompile>
    <ClCompile Include="script2_rng.cc">
      <Filter>script2</Filter>
    </ClCompile>
    <ClCompile Include="script2_room.cc">
      <Filter>script2</Filter>
    </ClCompile>
    <ClCompile Include="script2_sin.cc">
      <Filter>script2</Filter>
    </ClCompile>
    <ClCompile Include="script2_slot.cc">
      <Filter>script2</Filter>
    </ClCompile>
    <ClCompile Include="script2_socket.cc">
      <Filter>script2</Filter>
    </ClCompile>
    <ClCompile Include="script2_test.cc">
      <Filter>script2</Filter>
    </ClCompile>
    <ClCompile Include="script2_uniprinter.cc">
      <Filter>script2</Filter>
    </ClCompile>
    <ClCompile Include="script2_utf.cc">
      <Filter>script2</Filter>
    </ClCompile>
    <ClCompile Include="script2_vk.cc">
      <Filter>script2</Filter>
    </ClCompile>
    <ClCompile Include="script2_wall.cc">
      <Filter>script2</Filter>
    </ClCompile>
    <ClCompile Include="script2_cout.cc">
      <Filter>script2</Filter>
    </ClCompile>
  </ItemGroup>
  <ItemGroup>
    <ClInclude Include="module_tests.h">
      <Filter>script2</Filter>
    </ClInclude>
    <ClInclude Include="pch.h">
      <Filter>script2</Filter>
    </ClInclude>
    <ClInclude Include="public.h">
      <Filter>script2</Filter>
    </ClInclude>
    <ClInclude Include="t_array.h">
      <Filter>script2</Filter>
    </ClInclude>
    <ClInclude Include="t_ascii.h">
      <Filter>script2</Filter>
    </ClInclude>
    <ClInclude Include="t_benchmark.h">
      <Filter>script2</Filter>
    </ClInclude>
    <ClInclude Include="t_book.h">
      <Filter>script2</Filter>
    </ClInclude>
    <ClInclude Include="t_clock.h">
      <Filter>script2</Filter>
    </ClInclude>
    <ClInclude Include="t_dic.h">
      <Filter>script2</Filter>
    </ClInclude>
    <ClInclude Include="t_door.h">
      <Filter>script2</Filter>
    </ClInclude>
    <ClInclude Include="t_hash.h">
      <Filter>script2</Filter>
    </ClInclude>
    <ClInclude Include="t_library.h">
      <Filter>script2</Filter>
    </ClInclude>
    <ClInclude Include="t_list.h">
      <Filter>script2</Filter>
    </ClInclude>
    <ClInclude Include="t_loom.h">
      <Filter>script2</Filter>
    </ClInclude>
    <ClInclude Include="t_map.h">
      <Filter>script2</Filter>
    </ClInclude>
    <ClInclude Include="t_object.h">
      <Filter>script2</Filter>
    </ClInclude>
    <ClInclude Include="t_set.h">
      <Filter>script2</Filter>
    </ClInclude>
    <ClInclude Include="t_socket.h">
      <Filter>script2</Filter>
    </ClInclude>
    <ClInclude Include="t_stack.h">
      <Filter>script2</Filter>
    </ClInclude>
    <ClInclude Include="t_strand.h">
      <Filter>script2</Filter>
    </ClInclude>
    <ClInclude Include="t_string.h">
      <Filter>script2</Filter>
    </ClInclude>
    <ClInclude Include="t_table.h">
      <Filter>script2</Filter>
    </ClInclude>
    <ClInclude Include="t_test.h">
      <Filter>script2</Filter>
    </ClInclude>
    <ClInclude Include="t_uniprinter.h">
      <Filter>script2</Filter>
    </ClInclude>
    <ClInclude Include="00_rng.h">
      <Filter>script2</Filter>
    </ClInclude>
    <ClInclude Include="01_itos_stoi.h">
      <Filter>script2</Filter>
    </ClInclude>
    <ClInclude Include="02_socket.h">
      <Filter>script2</Filter>
    </ClInclude>
    <ClInclude Include="03_utf.h">
      <Filter>script2</Filter>
    </ClInclude>
    <ClInclude Include="04_ftos_stof.h">
      <Filter>script2</Filter>
    </ClInclude>
    <ClInclude Include="05_clock.h">
      <Filter>script2</Filter>
    </ClInclude>
    <ClInclude Include="c_address.h">
      <Filter>script2</Filter>
    </ClInclude>
    <ClInclude Include="c_args.h">
      <Filter>script2</Filter>
    </ClInclude>
    <ClInclude Include="c_ascii.h">
      <Filter>script2</Filter>
    </ClInclude>
    <ClInclude Include="c_benchmark.h">
      <Filter>script2</Filter>
    </ClInclude>
    <ClInclude Include="c_bin.h">
      <Filter>script2</Filter>
    </ClInclude>
    <ClInclude Include="c_bout.h">
      <Filter>script2</Filter>
    </ClInclude>
    <ClInclude Include="c_bsq.h">
      <Filter>script2</Filter>
    </ClInclude>
    <ClInclude Include="c_buffer.h">
      <Filter>script2</Filter>
    </ClInclude>
    <ClInclude Include="c_clock.h">
      <Filter>script2</Filter>
    </ClInclude>
    <ClInclude Include="c_crabs.h">
      <Filter>script2</Filter>
    </ClInclude>
    <ClInclude Include="c_error.h">
      <Filter>script2</Filter>
    </ClInclude>
    <ClInclude Include="c_event.h">
      <Filter>script2</Filter>
    </ClInclude>
    <ClInclude Include="c_floor.h">
      <Filter>script2</Filter>
    </ClInclude>
    <ClInclude Include="c_hash.h">
      <Filter>script2</Filter>
    </ClInclude>
    <ClInclude Include="c_interrupts.h">
      <Filter>script2</Filter>
    </ClInclude>
    <ClInclude Include="c_iterator.h">
      <Filter>script2</Filter>
    </ClInclude>
    <ClInclude Include="c_language.h">
      <Filter>script2</Filter>
    </ClInclude>
    <ClInclude Include="c_lock.h">
      <Filter>script2</Filter>
    </ClInclude>
    <ClInclude Include="c_mirror.h">
      <Filter>script2</Filter>
    </ClInclude>
    <ClInclude Include="c_object.h">
      <Filter>script2</Filter>
    </ClInclude>
    <ClInclude Include="c_op.h">
      <Filter>script2</Filter>
    </ClInclude>
    <ClInclude Include="c_operand.h">
      <Filter>script2</Filter>
    </ClInclude>
    <ClInclude Include="c_rng.h">
      <Filter>script2</Filter>
    </ClInclude>
    <ClInclude Include="c_room.h">
      <Filter>script2</Filter>
    </ClInclude>
    <ClInclude Include="c_slot.h">
      <Filter>script2</Filter>
    </ClInclude>
    <ClInclude Include="c_socket.h">
      <Filter>script2</Filter>
    </ClInclude>
    <ClInclude Include="c_stack.h">
      <Filter>script2</Filter>
    </ClInclude>
    <ClInclude Include="c_strand.h">
      <Filter>script2</Filter>
    </ClInclude>
    <ClInclude Include="c_test.h">
      <Filter>script2</Filter>
    </ClInclude>
    <ClInclude Include="c_uniprinter.h">
      <Filter>script2</Filter>
    </ClInclude>
    <ClInclude Include="c_uniprinter1.h">
      <Filter>script2</Filter>
    </ClInclude>
    <ClInclude Include="c_uniprinter2.h">
      <Filter>script2</Filter>
    </ClInclude>
    <ClInclude Include="c_uniprinter4.h">
      <Filter>script2</Filter>
    </ClInclude>
    <ClInclude Include="c_varint.h">
      <Filter>script2</Filter>
    </ClInclude>
    <ClInclude Include="c_vk.h">
      <Filter>script2</Filter>
    </ClInclude>
    <ClInclude Include="c_wall.h">
      <Filter>script2</Filter>
    </ClInclude>
    <ClInclude Include="global.h">
      <Filter>script2</Filter>
    </ClInclude>
    <ClInclude Include="c_cin.h">
      <Filter>script2</Filter>
    </ClInclude>
    <ClInclude Include="c_cout.h">
      <Filter>script2</Filter>
    </ClInclude>
    <ClInclude Include="07_stack_array.h">
      <Filter>script2</Filter>
    </ClInclude>
    <ClInclude Include="06_strand.h">
      <Filter>script2</Filter>
    </ClInclude>
    <ClInclude Include="08_loom.h">
      <Filter>script2</Filter>
    </ClInclude>
    <ClInclude Include="09_table.h">
      <Filter>script2</Filter>
    </ClInclude>
    <ClInclude Include="10_list.h">
      <Filter>script2</Filter>
    </ClInclude>
    <ClInclude Include="11_map.h">
      <Filter>script2</Filter>
    </ClInclude>
    <ClInclude Include="12_book.h">
      <Filter>script2</Filter>
    </ClInclude>
    <ClInclude Include="13_dictionary.h">
      <Filter>script2</Filter>
    </ClInclude>
    <ClInclude Include="14_expr.h">
      <Filter>script2</Filter>
    </ClInclude>
    <ClInclude Include="15_door.h">
      <Filter>script2</Filter>
    </ClInclude>
    <ClInclude Include="16_room_wall.h">
      <Filter>script2</Filter>
    </ClInclude>
  </ItemGroup>
  <ItemGroup>
    <Text Include="CMakeLists.txt">
      <Filter>script2</Filter>
    </Text>
  </ItemGroup>
</Project>