<?xml version="1.0" encoding="utf-8"?>
<Project ToolsVersion="4.0" xmlns="http://schemas.microsoft.com/developer/msbuild/2003">
  <ItemGroup>
    <Filter Include="Resource Files">
      <UniqueIdentifier>{67DA6AB6-F800-4c08-8B7A-83BB121AAD01}</UniqueIdentifier>
      <Extensions>rc;ico;cur;bmp;dlg;rc2;rct;bin;rgs;gif;jpg;jpeg;jpe;resx;tiff;tif;png;wav;mfcribbon-ms</Extensions>
    </Filter>
    <Filter Include="lib">
      <UniqueIdentifier>{4FC737F1-C7A5-4376-A066-2A32D752A2FF}</UniqueIdentifier>
      <Extensions>cpp;c;cc;cxx;def;odl;idl;hpj;bat;asm;asmx</Extensions>
    </Filter>
  </ItemGroup>
  <ItemGroup>
    <ClInclude Include="t_table.h">
      <Filter>lib</Filter>
    </ClInclude>
    <ClInclude Include="t_test.h">
      <Filter>lib</Filter>
    </ClInclude>
    <ClInclude Include="t_wall.h">
      <Filter>lib</Filter>
    </ClInclude>
    <ClInclude Include="03_ftos.h">
      <Filter>lib</Filter>
    </ClInclude>
    <ClInclude Include="05_clock.h">
      <Filter>lib</Filter>
    </ClInclude>
    <ClInclude Include="06_stack.h">
      <Filter>lib</Filter>
    </ClInclude>
    <ClInclude Include="07_strand.h">
      <Filter>lib</Filter>
    </ClInclude>
    <ClInclude Include="08_matrix.h">
      <Filter>lib</Filter>
    </ClInclude>
    <ClInclude Include="09_loom.h">
      <Filter>lib</Filter>
    </ClInclude>
    <ClInclude Include="10_table.h">
      <Filter>lib</Filter>
    </ClInclude>
    <ClInclude Include="11_list.h">
      <Filter>lib</Filter>
    </ClInclude>
    <ClInclude Include="12_map.h">
      <Filter>lib</Filter>
    </ClInclude>
    <ClInclude Include="13_book.h">
      <Filter>lib</Filter>
    </ClInclude>
    <ClInclude Include="14_dictionary.h">
      <Filter>lib</Filter>
    </ClInclude>
    <ClInclude Include="15_expr.h">
      <Filter>lib</Filter>
    </ClInclude>
    <ClInclude Include="16_door.h">
      <Filter>lib</Filter>
    </ClInclude>
    <ClInclude Include="17_room.h">
      <Filter>lib</Filter>
    </ClInclude>
    <ClInclude Include="c_address.h">
      <Filter>lib</Filter>
    </ClInclude>
    <ClInclude Include="c_args.h">
      <Filter>lib</Filter>
    </ClInclude>
    <ClInclude Include="c_autoject.h">
      <Filter>lib</Filter>
    </ClInclude>
    <ClInclude Include="c_avalue.h">
      <Filter>lib</Filter>
    </ClInclude>
    <ClInclude Include="c_bin.h">
      <Filter>lib</Filter>
    </ClInclude>
    <ClInclude Include="c_bout.h">
      <Filter>lib</Filter>
    </ClInclude>
    <ClInclude Include="c_bsq.h">
      <Filter>lib</Filter>
    </ClInclude>
    <ClInclude Include="c_buffer.h">
      <Filter>lib</Filter>
    </ClInclude>
    <ClInclude Include="c_cin.h">
      <Filter>lib</Filter>
    </ClInclude>
    <ClInclude Include="c_clock.h">
      <Filter>lib</Filter>
    </ClInclude>
    <ClInclude Include="c_cout.h">
      <Filter>lib</Filter>
    </ClInclude>
    <ClInclude Include="c_crabs.h">
      <Filter>lib</Filter>
    </ClInclude>
    <ClInclude Include="c_error.h">
      <Filter>lib</Filter>
    </ClInclude>
    <ClInclude Include="c_event.h">
      <Filter>lib</Filter>
    </ClInclude>
    <ClInclude Include="c_floor.h">
      <Filter>lib</Filter>
    </ClInclude>
    <ClInclude Include="c_hash.h">
      <Filter>lib</Filter>
    </ClInclude>
    <ClInclude Include="c_interrupts.h">
      <Filter>lib</Filter>
    </ClInclude>
    <ClInclude Include="c_iterator.h">
      <Filter>lib</Filter>
    </ClInclude>
    <ClInclude Include="c_language.h">
      <Filter>lib</Filter>
    </ClInclude>
    <ClInclude Include="c_lock.h">
      <Filter>lib</Filter>
    </ClInclude>
    <ClInclude Include="c_mirror.h">
      <Filter>lib</Filter>
    </ClInclude>
    <ClInclude Include="c_op.h">
      <Filter>lib</Filter>
    </ClInclude>
    <ClInclude Include="c_operand.h">
      <Filter>lib</Filter>
    </ClInclude>
    <ClInclude Include="c_puff.h">
      <Filter>lib</Filter>
    </ClInclude>
    <ClInclude Include="c_rng.h">
      <Filter>lib</Filter>
    </ClInclude>
    <ClInclude Include="c_room.h">
      <Filter>lib</Filter>
    </ClInclude>
    <ClInclude Include="c_slot.h">
      <Filter>lib</Filter>
    </ClInclude>
    <ClInclude Include="c_socket.h">
      <Filter>lib</Filter>
    </ClInclude>
    <ClInclude Include="c_test.h">
      <Filter>lib</Filter>
    </ClInclude>
    <ClInclude Include="c_varint.h">
      <Filter>lib</Filter>
    </ClInclude>
    <ClInclude Include="c_vk.h">
      <Filter>lib</Filter>
    </ClInclude>
    <ClInclude Include="c_wall.h">
      <Filter>lib</Filter>
    </ClInclude>
    <ClInclude Include="global.h">
      <Filter>lib</Filter>
    </ClInclude>
    <ClInclude Include="module_seams.h">
      <Filter>lib</Filter>
    </ClInclude>
    <ClInclude Include="module_tests.h">
      <Filter>lib</Filter>
    </ClInclude>
    <ClInclude Include="pch.h">
      <Filter>lib</Filter>
    </ClInclude>
    <ClInclude Include="pch_header.h">
      <Filter>lib</Filter>
    </ClInclude>
    <ClInclude Include="public.h">
      <Filter>lib</Filter>
    </ClInclude>
    <ClInclude Include="t_array.h">
      <Filter>lib</Filter>
    </ClInclude>
    <ClInclude Include="t_avalue.h">
      <Filter>lib</Filter>
    </ClInclude>
    <ClInclude Include="t_benchmark.h">
      <Filter>lib</Filter>
    </ClInclude>
    <ClInclude Include="t_book.h">
      <Filter>lib</Filter>
    </ClInclude>
    <ClInclude Include="t_clock.h">
      <Filter>lib</Filter>
    </ClInclude>
    <ClInclude Include="t_dic.h">
      <Filter>lib</Filter>
    </ClInclude>
    <ClInclude Include="t_door.h">
      <Filter>lib</Filter>
    </ClInclude>
    <ClInclude Include="t_hash.h">
      <Filter>lib</Filter>
    </ClInclude>
    <ClInclude Include="t_library.h">
      <Filter>lib</Filter>
    </ClInclude>
    <ClInclude Include="t_list.h">
      <Filter>lib</Filter>
    </ClInclude>
    <ClInclude Include="t_loom.h">
      <Filter>lib</Filter>
    </ClInclude>
    <ClInclude Include="t_map.h">
      <Filter>lib</Filter>
    </ClInclude>
    <ClInclude Include="t_matrix.h">
      <Filter>lib</Filter>
    </ClInclude>
    <ClInclude Include="t_puff.h">
      <Filter>lib</Filter>
    </ClInclude>
    <ClInclude Include="t_set.h">
      <Filter>lib</Filter>
    </ClInclude>
    <ClInclude Include="t_socket.h">
      <Filter>lib</Filter>
    </ClInclude>
    <ClInclude Include="t_stack.h">
      <Filter>lib</Filter>
    </ClInclude>
    <ClInclude Include="t_strand.h">
      <Filter>lib</Filter>
    </ClInclude>
    <ClInclude Include="t_string.h">
      <Filter>lib</Filter>
    </ClInclude>
    <ClInclude Include="t_uniprinter.h">
      <Filter>lib</Filter>
    </ClInclude>
    <ClInclude Include="c_string.h">
      <Filter>lib</Filter>
    </ClInclude>
    <ClInclude Include="04_sprinter.h">
      <Filter>lib</Filter>
    </ClInclude>
    <ClInclude Include="00_uniprinter.h">
      <Filter>lib</Filter>
    </ClInclude>
    <ClInclude Include="01_rng.h">
      <Filter>lib</Filter>
    </ClInclude>
    <ClInclude Include="02_itos.h">
      <Filter>lib</Filter>
    </ClInclude>
  </ItemGroup>
  <ItemGroup>
    <None Include="17_seam.s2">
      <Filter>lib</Filter>
    </None>
    <None Include="module_debug.inl">
      <Filter>lib</Filter>
    </None>
    <None Include="module_footer.inl">
      <Filter>lib</Filter>
    </None>
    <None Include="module_release.inl">
      <Filter>lib</Filter>
    </None>
    <None Include="pch_footer.inl">
      <Filter>lib</Filter>
    </None>
  </ItemGroup>
  <ItemGroup>
    <Text Include="CMakeLists.txt">
      <Filter>lib</Filter>
    </Text>
  </ItemGroup>
  <ItemGroup>
    <ClCompile Include="pch.cc">
      <Filter>lib</Filter>
    </ClCompile>
    <ClCompile Include="script2_autoject.cc">
      <Filter>lib</Filter>
    </ClCompile>
    <ClCompile Include="script2_avalue.cc">
      <Filter>lib</Filter>
    </ClCompile>
    <ClCompile Include="script2_bin.cc">
      <Filter>lib</Filter>
    </ClCompile>
    <ClCompile Include="script2_bout.cc">
      <Filter>lib</Filter>
    </ClCompile>
    <ClCompile Include="script2_bsq.cc">
      <Filter>lib</Filter>
    </ClCompile>
    <ClCompile Include="script2_cin.cc">
      <Filter>lib</Filter>
    </ClCompile>
    <ClCompile Include="script2_clock.cc">
      <Filter>lib</Filter>
    </ClCompile>
    <ClCompile Include="script2_cout.cc">
      <Filter>lib</Filter>
    </ClCompile>
    <ClCompile Include="script2_crabs.cc">
      <Filter>lib</Filter>
    </ClCompile>
    <ClCompile Include="script2_error.cc">
      <Filter>lib</Filter>
    </ClCompile>
    <ClCompile Include="script2_event.cc">
      <Filter>lib</Filter>
    </ClCompile>
    <ClCompile Include="script2_floor.cc">
      <Filter>lib</Filter>
    </ClCompile>
    <ClCompile Include="script2_hash.cc">
      <Filter>lib</Filter>
    </ClCompile>
    <ClCompile Include="script2_interrupts.cc">
      <Filter>lib</Filter>
    </ClCompile>
    <ClCompile Include="script2_lock.cc">
      <Filter>lib</Filter>
    </ClCompile>
    <ClCompile Include="script2_morsecode.cc">
      <Filter>lib</Filter>
    </ClCompile>
    <ClCompile Include="script2_op.cc">
      <Filter>lib</Filter>
    </ClCompile>
    <ClCompile Include="script2_operand.cc">
      <Filter>lib</Filter>
    </ClCompile>
    <ClCompile Include="script2_puff.cc">
      <Filter>lib</Filter>
    </ClCompile>
    <ClCompile Include="script2_rng.cc">
      <Filter>lib</Filter>
    </ClCompile>
    <ClCompile Include="script2_room.cc">
      <Filter>lib</Filter>
    </ClCompile>
    <ClCompile Include="script2_slot.cc">
      <Filter>lib</Filter>
    </ClCompile>
    <ClCompile Include="script2_socket.cc">
      <Filter>lib</Filter>
    </ClCompile>
    <ClCompile Include="script2_test.cc">
      <Filter>lib</Filter>
    </ClCompile>
    <ClCompile Include="script2_vk.cc">
      <Filter>lib</Filter>
    </ClCompile>
    <ClCompile Include="script2_string.cc">
      <Filter>lib</Filter>
    </ClCompile>
  </ItemGroup>
</Project>