<?xml version="1.0" encoding="utf-8"?>
<Project ToolsVersion="4.0" xmlns="http://schemas.microsoft.com/developer/msbuild/2003">
  <ItemGroup>
    <Filter Include="Lib">
      <UniqueIdentifier>{e1bd9232-32df-4aee-a799-e1224a538bef}</UniqueIdentifier>
    </Filter>
    <Filter Include="Lib\Tests">
      <UniqueIdentifier>{f343f5ed-e408-46b5-bd2d-e17e3e89c5a9}</UniqueIdentifier>
    </Filter>
    <Filter Include="Lib\Resources">
      <UniqueIdentifier>{67DA6AB6-F800-4c08-8B7A-83BB121AAD01}</UniqueIdentifier>
      <Extensions>rc;ico;cur;bmp;dlg;rc2;rct;bin;rgs;gif;jpg;jpeg;jpe;resx;tiff;tif;png;wav;mfcribbon-ms</Extensions>
    </Filter>
  </ItemGroup>
  <ItemGroup>
    <None Include="17_seam.s2">
      <Filter>Lib\Tests</Filter>
    </None>
    <None Include="..\floor.cc.inl">
      <Filter>Lib</Filter>
    </None>
    <None Include="..\interrupts.cc.inl">
      <Filter>Lib</Filter>
    </None>
    <None Include="..\module_assembly.inl">
      <Filter>Lib</Filter>
    </None>
    <None Include="..\module_debug.inl">
      <Filter>Lib</Filter>
    </None>
    <None Include="..\module_footer.inl">
      <Filter>Lib</Filter>
    </None>
    <None Include="..\module_release.inl">
      <Filter>Lib</Filter>
    </None>
    <None Include="..\morsecode.cc.inl">
      <Filter>Lib</Filter>
    </None>
    <None Include="..\op.cc.inl">
      <Filter>Lib</Filter>
    </None>
    <None Include="..\operand.cc.inl">
      <Filter>Lib</Filter>
    </None>
    <None Include="..\pch_footer.inl">
      <Filter>Lib</Filter>
    </None>
    <None Include="..\pch_header.inl">
      <Filter>Lib</Filter>
    </None>
    <None Include="..\puff.cc.inl">
      <Filter>Lib</Filter>
    </None>
    <None Include="..\rng.cc.inl">
      <Filter>Lib</Filter>
    </None>
    <None Include="..\room.cc.inl">
      <Filter>Lib</Filter>
    </None>
    <None Include="..\slot.cc.inl">
      <Filter>Lib</Filter>
    </None>
    <None Include="..\stringf.cc.inl">
      <Filter>Lib</Filter>
    </None>
    <None Include="..\test.cc.inl">
      <Filter>Lib</Filter>
    </None>
    <None Include="..\typevalue.cc.inl">
      <Filter>Lib</Filter>
    </None>
    <None Include="..\vk.cc.inl">
      <Filter>Lib</Filter>
    </None>
    <None Include="..\array.cc.inl">
      <Filter>Lib</Filter>
    </None>
    <None Include="..\bin.cc.inl">
      <Filter>Lib</Filter>
    </None>
    <None Include="..\bout.cc.inl">
      <Filter>Lib</Filter>
    </None>
    <None Include="..\bsq.cc.inl">
      <Filter>Lib</Filter>
    </None>
    <None Include="..\cin.cc.inl">
      <Filter>Lib</Filter>
    </None>
    <None Include="..\clock.cc.inl">
      <Filter>Lib</Filter>
    </None>
    <None Include="..\cout.cc.inl">
      <Filter>Lib</Filter>
    </None>
    <None Include="..\crabs.cc.inl">
      <Filter>Lib</Filter>
    </None>
    <None Include="..\error.cc.inl">
      <Filter>Lib</Filter>
    </None>
    <None Include="..\event.cc.inl">
      <Filter>Lib</Filter>
    </None>
  </ItemGroup>
  <ItemGroup>
    <ClInclude Include="01_itos.h">
      <Filter>Lib\Tests</Filter>
    </ClInclude>
    <ClInclude Include="01_rng.h">
      <Filter>Lib\Tests</Filter>
    </ClInclude>
    <ClInclude Include="02_itos.h">
      <Filter>Lib\Tests</Filter>
    </ClInclude>
    <ClInclude Include="02_socket.h">
      <Filter>Lib\Tests</Filter>
    </ClInclude>
    <ClInclude Include="03_ftos.h">
      <Filter>Lib\Tests</Filter>
    </ClInclude>
    <ClInclude Include="04_sprinter.h">
      <Filter>Lib\Tests</Filter>
    </ClInclude>
    <ClInclude Include="04_utf.h">
      <Filter>Lib\Tests</Filter>
    </ClInclude>
    <ClInclude Include="05_clock.h">
      <Filter>Lib\Tests</Filter>
    </ClInclude>
    <ClInclude Include="06_stack.h">
      <Filter>Lib\Tests</Filter>
    </ClInclude>
    <ClInclude Include="07_matrix.h">
      <Filter>Lib\Tests</Filter>
    </ClInclude>
    <ClInclude Include="08_strand.h">
      <Filter>Lib\Tests</Filter>
    </ClInclude>
    <ClInclude Include="09_loom.h">
      <Filter>Lib\Tests</Filter>
    </ClInclude>
    <ClInclude Include="10_list.h">
      <Filter>Lib\Tests</Filter>
    </ClInclude>
    <ClInclude Include="11_book.h">
      <Filter>Lib\Tests</Filter>
    </ClInclude>
    <ClInclude Include="12_map.h">
      <Filter>Lib\Tests</Filter>
    </ClInclude>
    <ClInclude Include="13_table.h">
      <Filter>Lib\Tests</Filter>
    </ClInclude>
    <ClInclude Include="14_dictionary.h">
      <Filter>Lib\Tests</Filter>
    </ClInclude>
    <ClInclude Include="15_expr.h">
      <Filter>Lib\Tests</Filter>
    </ClInclude>
    <ClInclude Include="16_door.h">
      <Filter>Lib\Tests</Filter>
    </ClInclude>
    <ClInclude Include="17_room.h">
      <Filter>Lib\Tests</Filter>
    </ClInclude>
    <ClInclude Include="pch.h">
      <Filter>Lib\Tests</Filter>
    </ClInclude>
    <ClInclude Include="00_uniprinter.h">
      <Filter>Lib\Tests</Filter>
    </ClInclude>
    <ClInclude Include="..\address.h">
      <Filter>Lib</Filter>
    </ClInclude>
    <ClInclude Include="..\args.h">
      <Filter>Lib</Filter>
    </ClInclude>
    <ClInclude Include="..\array.h">
      <Filter>Lib</Filter>
    </ClInclude>
    <ClInclude Include="..\autoject.h">
      <Filter>Lib</Filter>
    </ClInclude>
    <ClInclude Include="..\bout.h">
      <Filter>Lib</Filter>
    </ClInclude>
    <ClInclude Include="..\bsq.h">
      <Filter>Lib</Filter>
    </ClInclude>
    <ClInclude Include="..\buffer.h">
      <Filter>Lib</Filter>
    </ClInclude>
    <ClInclude Include="..\cin.h">
      <Filter>Lib</Filter>
    </ClInclude>
    <ClInclude Include="..\clock.h">
      <Filter>Lib</Filter>
    </ClInclude>
    <ClInclude Include="..\cout.h">
      <Filter>Lib</Filter>
    </ClInclude>
    <ClInclude Include="..\crabs.h">
      <Filter>Lib</Filter>
    </ClInclude>
    <ClInclude Include="..\error.h">
      <Filter>Lib</Filter>
    </ClInclude>
    <ClInclude Include="..\event.h">
      <Filter>Lib</Filter>
    </ClInclude>
    <ClInclude Include="..\floor.h">
      <Filter>Lib</Filter>
    </ClInclude>
    <ClInclude Include="..\interrupts.h">
      <Filter>Lib</Filter>
    </ClInclude>
    <ClInclude Include="..\iterator.h">
      <Filter>Lib</Filter>
    </ClInclude>
    <ClInclude Include="..\language.h">
      <Filter>Lib</Filter>
    </ClInclude>
    <ClInclude Include="..\mirror.h">
      <Filter>Lib</Filter>
    </ClInclude>
    <ClInclude Include="..\module_seams.h">
      <Filter>Lib</Filter>
    </ClInclude>
    <ClInclude Include="..\op.h">
      <Filter>Lib</Filter>
    </ClInclude>
    <ClInclude Include="..\operand.h">
      <Filter>Lib</Filter>
    </ClInclude>
    <ClInclude Include="..\pch.h">
      <Filter>Lib</Filter>
    </ClInclude>
    <ClInclude Include="..\pch_header.h">
      <Filter>Lib</Filter>
    </ClInclude>
    <ClInclude Include="..\public.h">
      <Filter>Lib</Filter>
    </ClInclude>
    <ClInclude Include="..\puff.h">
      <Filter>Lib</Filter>
    </ClInclude>
    <ClInclude Include="..\rng.h">
      <Filter>Lib</Filter>
    </ClInclude>
    <ClInclude Include="..\room.h">
      <Filter>Lib</Filter>
    </ClInclude>
    <ClInclude Include="..\slot.h">
      <Filter>Lib</Filter>
    </ClInclude>
    <ClInclude Include="..\stringf.h">
      <Filter>Lib</Filter>
    </ClInclude>
    <ClInclude Include="..\test.h">
      <Filter>Lib</Filter>
    </ClInclude>
    <ClInclude Include="..\typevalue.h">
      <Filter>Lib</Filter>
    </ClInclude>
    <ClInclude Include="..\varint.h">
      <Filter>Lib</Filter>
    </ClInclude>
    <ClInclude Include="..\vk.h">
      <Filter>Lib</Filter>
    </ClInclude>
    <ClInclude Include="..\wall.h">
      <Filter>Lib</Filter>
    </ClInclude>
    <ClInclude Include="..\array.hpp">
      <Filter>Lib</Filter>
    </ClInclude>
    <ClInclude Include="..\avalue.hpp">
      <Filter>Lib</Filter>
    </ClInclude>
    <ClInclude Include="..\bin.hpp">
      <Filter>Lib</Filter>
    </ClInclude>
    <ClInclude Include="..\binary.hpp">
      <Filter>Lib</Filter>
    </ClInclude>
    <ClInclude Include="..\book.hpp">
      <Filter>Lib</Filter>
    </ClInclude>
    <ClInclude Include="..\clock.hpp">
      <Filter>Lib</Filter>
    </ClInclude>
    <ClInclude Include="..\dic.hpp">
      <Filter>Lib</Filter>
    </ClInclude>
    <ClInclude Include="..\dictionary.hpp">
      <Filter>Lib</Filter>
    </ClInclude>
    <ClInclude Include="..\door.hpp">
      <Filter>Lib</Filter>
    </ClInclude>
    <ClInclude Include="..\library.hpp">
      <Filter>Lib</Filter>
    </ClInclude>
    <ClInclude Include="..\list.hpp">
      <Filter>Lib</Filter>
    </ClInclude>
    <ClInclude Include="..\loom.hpp">
      <Filter>Lib</Filter>
    </ClInclude>
    <ClInclude Include="..\map.hpp">
      <Filter>Lib</Filter>
    </ClInclude>
    <ClInclude Include="..\matrix.hpp">
      <Filter>Lib</Filter>
    </ClInclude>
    <ClInclude Include="..\puff.hpp">
      <Filter>Lib</Filter>
    </ClInclude>
    <ClInclude Include="..\set.hpp">
      <Filter>Lib</Filter>
    </ClInclude>
    <ClInclude Include="..\stack.hpp">
      <Filter>Lib</Filter>
    </ClInclude>
    <ClInclude Include="..\strand.hpp">
      <Filter>Lib</Filter>
    </ClInclude>
    <ClInclude Include="..\stringf.hpp">
      <Filter>Lib</Filter>
    </ClInclude>
    <ClInclude Include="..\table.hpp">
      <Filter>Lib</Filter>
    </ClInclude>
    <ClInclude Include="..\test.hpp">
      <Filter>Lib</Filter>
    </ClInclude>
    <ClInclude Include="..\typevalue.hpp">
      <Filter>Lib</Filter>
    </ClInclude>
    <ClInclude Include="..\uniprinter.hpp">
      <Filter>Lib</Filter>
    </ClInclude>
    <ClInclude Include="..\wall.hpp">
      <Filter>Lib</Filter>
    </ClInclude>
  </ItemGroup>
  <ItemGroup>
    <ClCompile Include="pch.cc">
      <Filter>Lib\Tests</Filter>
    </ClCompile>
  </ItemGroup>
</Project>